
Microsoft Visual Studio Solution File, Format Version 12.00
# Visual Studio Version 17
VisualStudioVersion = 17.0.31903.59
MinimumVisualStudioVersion = 10.0.40219.1
Project("{2150E333-8FDC-42A3-9474-1A3956D46DE8}") = "Jobs", "Jobs", "{D142B944-6E29-4C5A-BC7F-9610EEECF3CF}"
EndProject
Project("{FAE04EC0-301F-11D3-BF4B-00C04F79EFBC}") = "AD419.Jobs.PullAggieEnterpriseData", "AD419.Jobs.PullAggieEnterpriseData\AD419.Jobs.PullAggieEnterpriseData.csproj", "{41BB8B0F-5CB8-479B-8C90-BC529EB76E17}"
EndProject
Project("{2150E333-8FDC-42A3-9474-1A3956D46DE8}") = "Solution Items", "Solution Items", "{1E1AB168-E572-40A6-BC3F-ED3AF676FA5F}"
	ProjectSection(SolutionItems) = preProject
		README.md = README.md
		.gitignore = .gitignore
		LICENSE = LICENSE
	EndProjectSection
EndProject
Project("{FAE04EC0-301F-11D3-BF4B-00C04F79EFBC}") = "AD419.Jobs.Core", "AD419.Jobs.Core\AD419.Jobs.Core.csproj", "{C159B50B-9715-4942-BDBF-D2A35A0AA4C6}"
EndProject
Global
	GlobalSection(SolutionConfigurationPlatforms) = preSolution
		Debug|Any CPU = Debug|Any CPU
		Release|Any CPU = Release|Any CPU
	EndGlobalSection
	GlobalSection(SolutionProperties) = preSolution
		HideSolutionNode = FALSE
	EndGlobalSection
	GlobalSection(ProjectConfigurationPlatforms) = postSolution
		{41BB8B0F-5CB8-479B-8C90-BC529EB76E17}.Debug|Any CPU.ActiveCfg = Debug|Any CPU
		{41BB8B0F-5CB8-479B-8C90-BC529EB76E17}.Debug|Any CPU.Build.0 = Debug|Any CPU
		{41BB8B0F-5CB8-479B-8C90-BC529EB76E17}.Release|Any CPU.ActiveCfg = Release|Any CPU
		{41BB8B0F-5CB8-479B-8C90-BC529EB76E17}.Release|Any CPU.Build.0 = Release|Any CPU
		{C159B50B-9715-4942-BDBF-D2A35A0AA4C6}.Debug|Any CPU.ActiveCfg = Debug|Any CPU
		{C159B50B-9715-4942-BDBF-D2A35A0AA4C6}.Debug|Any CPU.Build.0 = Debug|Any CPU
		{C159B50B-9715-4942-BDBF-D2A35A0AA4C6}.Release|Any CPU.ActiveCfg = Release|Any CPU
		{C159B50B-9715-4942-BDBF-D2A35A0AA4C6}.Release|Any CPU.Build.0 = Release|Any CPU
	EndGlobalSection
	GlobalSection(NestedProjects) = preSolution
		{C159B50B-9715-4942-BDBF-D2A35A0AA4C6} = {D142B944-6E29-4C5A-BC7F-9610EEECF3CF}
		{41BB8B0F-5CB8-479B-8C90-BC529EB76E17} = {D142B944-6E29-4C5A-BC7F-9610EEECF3CF}
	EndGlobalSection
EndGlobal
